{
    "hash": "af86a8c8bfea3bbe167ad84757f25e73",
    "packages": [
        {
            "package": "Rediska",
            "version": "0.5.6"
        },
        {
            "package": "Services_Librato",
            "version": "dev-master",
            "source-reference": "master"
        }
    ],
    "aliases": []
}
