{
    "hash": "e40d456c11c861b1f0cc0e4d1c9bf1ac",
    "packages": [
        {
            "package": "IniParser",
            "version": "dev-master",
            "source-reference": "master"
        },
        {
            "package": "Rediska",
            "version": "0.5.6"
        },
        {
            "package": "Services_Librato",
            "version": "dev-master",
            "source-reference": "master"
        }
    ],
    "aliases": []
}
